{
  "name": "ascout-ocr-review",
  "lockfileVersion": 3,
  "requires": true,
  "packages": {
    "": {
      "name": "ascout-ocr-review",
      "dependencies": {
        "@alibaba-group/open-code-review": "1.12.13"
      }
    },
    "node_modules/@alibaba-group/ocr-darwin-arm64": {
      "version": "1.12.13",
      "resolved": "https://registry.npmjs.org/@alibaba-group/ocr-darwin-arm64/-/ocr-darwin-arm64-1.12.13.tgz",
      "integrity": "sha512-IkL1TuNULu5a/mYq4UBsPCttVh2GFTfWBwjcL8rAwtsb0X8+7mjUkg0KpiV5CITBPacy+fZnMYJo9O+okl5uMw==",
      "cpu": [
        "arm64"
      ],
      "license": "Apache-2.0",
      "optional": true,
      "os": [
        "darwin"
      ]
    },
    "node_modules/@alibaba-group/ocr-darwin-x64": {
      "version": "1.12.13",
      "resolved": "https://registry.npmjs.org/@alibaba-group/ocr-darwin-x64/-/ocr-darwin-x64-1.12.13.tgz",
      "integrity": "sha512-ky/Huq0W44pB+VpnuGnNZlGPY2OS2WJv1NtsxBmRUKEMD+YXO1N7VxfhP/d/wWNkXPyimoitnZf4ez6yqKMCGQ==",
      "cpu": [
        "x64"
      ],
      "license": "Apache-2.0",
      "optional": true,
      "os": [
        "darwin"
      ]
    },
    "node_modules/@alibaba-group/ocr-linux-arm64": {
      "version": "1.12.13",
      "resolved": "https://registry.npmjs.org/@alibaba-group/ocr-linux-arm64/-/ocr-linux-arm64-1.12.13.tgz",
      "integrity": "sha512-r+AD1lJOzuQgvEtijLdO8iqalyAgNLw1hg5YLHJqjQhYTVtQbbK6Srien655H3ThYZumpZKyROIqooUeNtRXXA==",
      "cpu": [
        "arm64"
      ],
      "license": "Apache-2.0",
      "optional": true,
      "os": [
        "linux"
      ]
    },
    "node_modules/@alibaba-group/ocr-linux-x64": {
      "version": "1.12.13",
      "resolved": "https://registry.npmjs.org/@alibaba-group/ocr-linux-x64/-/ocr-linux-x64-1.12.13.tgz",
      "integrity": "sha512-C5zwvzm1DCSv231jQkPwQqzM/GWefaTGROV6lx36AHWvVXyRDPSD18BOxbgJ5Fge/zJ8VRoEb4fjHAzAy6wlYg==",
      "cpu": [
        "x64"
      ],
      "license": "Apache-2.0",
      "optional": true,
      "os": [
        "linux"
      ]
    },
    "node_modules/@alibaba-group/ocr-win32-arm64": {
      "version": "1.12.13",
      "resolved": "https://registry.npmjs.org/@alibaba-group/ocr-win32-arm64/-/ocr-win32-arm64-1.12.13.tgz",
      "integrity": "sha512-2JBO44QSKti1eKMhTrH3HhDRw2lXqARgoxCVMQvT3RWqapz60RfftJKYu28W+SU+EufKpQiz66n0dnHXqt4tUw==",
      "cpu": [
        "arm64"
      ],
      "license": "Apache-2.0",
      "optional": true,
      "os": [
        "win32"
      ]
    },
    "node_modules/@alibaba-group/ocr-win32-x64": {
      "version": "1.12.13",
      "resolved": "https://registry.npmjs.org/@alibaba-group/ocr-win32-x64/-/ocr-win32-x64-1.12.13.tgz",
      "integrity": "sha512-BoCFpF5wwxFCQtrnArwKLzT6sIQq1mWTGcraG9CevCMWC9N9pbjHtBAHUBPJsHdPDNFVvAM/2VWcsetRntmIIA==",
      "cpu": [
        "x64"
      ],
      "license": "Apache-2.0",
      "optional": true,
      "os": [
        "win32"
      ]
    },
    "node_modules/@alibaba-group/open-code-review": {
      "version": "1.12.13",
      "resolved": "https://registry.npmjs.org/@alibaba-group/open-code-review/-/open-code-review-1.12.13.tgz",
      "integrity": "sha512-5DtjzNORIzs/y8RjlOzoCNNHU5uyYmdi7tAZCBYv9WieZRAjG4NgXZMmqA+2DMErQsik5nxkUzsWRpdPZgx7SA==",
      "hasInstallScript": true,
      "license": "Apache-2.0",
      "bin": {
        "ocr": "bin/ocr.js"
      },
      "engines": {
        "node": ">=14"
      },
      "optionalDependencies": {
        "@alibaba-group/ocr-darwin-arm64": "1.12.13",
        "@alibaba-group/ocr-darwin-x64": "1.12.13",
        "@alibaba-group/ocr-linux-arm64": "1.12.13",
        "@alibaba-group/ocr-linux-x64": "1.12.13",
        "@alibaba-group/ocr-win32-arm64": "1.12.13",
        "@alibaba-group/ocr-win32-x64": "1.12.13"
      }
    }
  }
}
